
Microsoft Visual Studio Solution File, Format Version 12.00
# Visual Studio Version 17
VisualStudioVersion = 17.0.31710.8
MinimumVisualStudioVersion = 10.0.40219.1
Project("{9A19103F-16F7-4668-BE54-9A1E7A4F7556}") = "Solid", "Solid\Solid.csproj", "{4CB24BE2-48DF-4EE8-BEEE-49E17FF013C6}"
EndProject
Project("{9A19103F-16F7-4668-BE54-9A1E7A4F7556}") = "Open Closed", "Open Closed\Open Closed.csproj", "{21F35E91-0EC3-4C81-96F2-F23C0BFBE480}"
EndProject
Project("{FAE04EC0-301F-11D3-BF4B-00C04F79EFBC}") = "Liskov Substitution", "Liskov Substitution\Liskov Substitution.csproj", "{DD24BEBA-6D60-41EA-83CC-302462913CB6}"
EndProject
Project("{FAE04EC0-301F-11D3-BF4B-00C04F79EFBC}") = "Dependency Inversion", "Dependency Inversion\Dependency Inversion.csproj", "{69DAD70F-2007-4194-ACA4-B56415D1CFFE}"
EndProject
Project("{FAE04EC0-301F-11D3-BF4B-00C04F79EFBC}") = "Interface Segregation", "Interface Segregation\Interface Segregation.csproj", "{AD051039-67C6-4632-B42B-68F090662C78}"
EndProject
Global
	GlobalSection(SolutionConfigurationPlatforms) = preSolution
		Debug|Any CPU = Debug|Any CPU
		Release|Any CPU = Release|Any CPU
	EndGlobalSection
	GlobalSection(ProjectConfigurationPlatforms) = postSolution
		{4CB24BE2-48DF-4EE8-BEEE-49E17FF013C6}.Debug|Any CPU.ActiveCfg = Debug|Any CPU
		{4CB24BE2-48DF-4EE8-BEEE-49E17FF013C6}.Debug|Any CPU.Build.0 = Debug|Any CPU
		{4CB24BE2-48DF-4EE8-BEEE-49E17FF013C6}.Release|Any CPU.ActiveCfg = Release|Any CPU
		{4CB24BE2-48DF-4EE8-BEEE-49E17FF013C6}.Release|Any CPU.Build.0 = Release|Any CPU
		{21F35E91-0EC3-4C81-96F2-F23C0BFBE480}.Debug|Any CPU.ActiveCfg = Debug|Any CPU
		{21F35E91-0EC3-4C81-96F2-F23C0BFBE480}.Debug|Any CPU.Build.0 = Debug|Any CPU
		{21F35E91-0EC3-4C81-96F2-F23C0BFBE480}.Release|Any CPU.ActiveCfg = Release|Any CPU
		{21F35E91-0EC3-4C81-96F2-F23C0BFBE480}.Release|Any CPU.Build.0 = Release|Any CPU
		{DD24BEBA-6D60-41EA-83CC-302462913CB6}.Debug|Any CPU.ActiveCfg = Debug|Any CPU
		{DD24BEBA-6D60-41EA-83CC-302462913CB6}.Debug|Any CPU.Build.0 = Debug|Any CPU
		{DD24BEBA-6D60-41EA-83CC-302462913CB6}.Release|Any CPU.ActiveCfg = Release|Any CPU
		{DD24BEBA-6D60-41EA-83CC-302462913CB6}.Release|Any CPU.Build.0 = Release|Any CPU
		{69DAD70F-2007-4194-ACA4-B56415D1CFFE}.Debug|Any CPU.ActiveCfg = Debug|Any CPU
		{69DAD70F-2007-4194-ACA4-B56415D1CFFE}.Debug|Any CPU.Build.0 = Debug|Any CPU
		{69DAD70F-2007-4194-ACA4-B56415D1CFFE}.Release|Any CPU.ActiveCfg = Release|Any CPU
		{69DAD70F-2007-4194-ACA4-B56415D1CFFE}.Release|Any CPU.Build.0 = Release|Any CPU
		{AD051039-67C6-4632-B42B-68F090662C78}.Debug|Any CPU.ActiveCfg = Debug|Any CPU
		{AD051039-67C6-4632-B42B-68F090662C78}.Debug|Any CPU.Build.0 = Debug|Any CPU
		{AD051039-67C6-4632-B42B-68F090662C78}.Release|Any CPU.ActiveCfg = Release|Any CPU
		{AD051039-67C6-4632-B42B-68F090662C78}.Release|Any CPU.Build.0 = Release|Any CPU
	EndGlobalSection
	GlobalSection(SolutionProperties) = preSolution
		HideSolutionNode = FALSE
	EndGlobalSection
	GlobalSection(ExtensibilityGlobals) = postSolution
		SolutionGuid = {7F11311F-2F49-4276-8BAD-C740562FF04D}
	EndGlobalSection
EndGlobal
